
Microsoft Visual Studio Solution File, Format Version 12.00
# Visual Studio Version 17
VisualStudioVersion = 17.11.35303.130
MinimumVisualStudioVersion = 10.0.40219.1
Project("{9A19103F-16F7-4668-BE54-9A1E7A4F7556}") = "FluentValidationApp.Web", "FluentValidationApp.Web\FluentValidationApp.Web.csproj", "{E282D446-DF7B-43BA-B082-3571F673ECD4}"
EndProject
Project("{FAE04EC0-301F-11D3-BF4B-00C04F79EFBC}") = "RateLimitAPI", "RateLimitAPI\RateLimitAPI.csproj", "{70BB9724-EBD0-4916-AC1A-C266B0756A73}"
EndProject
Project("{FAE04EC0-301F-11D3-BF4B-00C04F79EFBC}") = "SmidgeApp.Web", "SmidgeApp.Web\SmidgeApp.Web.csproj", "{7AD080F8-8650-4BA6-80B3-4DC928DD5FEB}"
EndProject
Global
	GlobalSection(SolutionConfigurationPlatforms) = preSolution
		Debug|Any CPU = Debug|Any CPU
		Release|Any CPU = Release|Any CPU
	EndGlobalSection
	GlobalSection(ProjectConfigurationPlatforms) = postSolution
		{E282D446-DF7B-43BA-B082-3571F673ECD4}.Debug|Any CPU.ActiveCfg = Debug|Any CPU
		{E282D446-DF7B-43BA-B082-3571F673ECD4}.Debug|Any CPU.Build.0 = Debug|Any CPU
		{E282D446-DF7B-43BA-B082-3571F673ECD4}.Release|Any CPU.ActiveCfg = Release|Any CPU
		{E282D446-DF7B-43BA-B082-3571F673ECD4}.Release|Any CPU.Build.0 = Release|Any CPU
		{70BB9724-EBD0-4916-AC1A-C266B0756A73}.Debug|Any CPU.ActiveCfg = Debug|Any CPU
		{70BB9724-EBD0-4916-AC1A-C266B0756A73}.Debug|Any CPU.Build.0 = Debug|Any CPU
		{70BB9724-EBD0-4916-AC1A-C266B0756A73}.Release|Any CPU.ActiveCfg = Release|Any CPU
		{70BB9724-EBD0-4916-AC1A-C266B0756A73}.Release|Any CPU.Build.0 = Release|Any CPU
		{7AD080F8-8650-4BA6-80B3-4DC928DD5FEB}.Debug|Any CPU.ActiveCfg = Debug|Any CPU
		{7AD080F8-8650-4BA6-80B3-4DC928DD5FEB}.Debug|Any CPU.Build.0 = Debug|Any CPU
		{7AD080F8-8650-4BA6-80B3-4DC928DD5FEB}.Release|Any CPU.ActiveCfg = Release|Any CPU
		{7AD080F8-8650-4BA6-80B3-4DC928DD5FEB}.Release|Any CPU.Build.0 = Release|Any CPU
	EndGlobalSection
	GlobalSection(SolutionProperties) = preSolution
		HideSolutionNode = FALSE
	EndGlobalSection
	GlobalSection(ExtensibilityGlobals) = postSolution
		SolutionGuid = {977A3234-1C29-43F8-844C-0CED4A17E325}
	EndGlobalSection
EndGlobal
